// !$*UTF8*$!
{
	archiveVersion = 1;
	classes = {
	};
	objectVersion = 50;
	objects = {

/* Begin PBXBuildFile section */
		BFDE6A7C2186F0B00038A281 /* AppDelegate.swift in Sources */ = {isa = PBXBuildFile; fileRef = BFDE6A7B2186F0B00038A281 /* AppDelegate.swift */; };
		BFDE6A7E2186F0B00038A281 /* HomeController.swift in Sources */ = {isa = PBXBuildFile; fileRef = BFDE6A7D2186F0B00038A281 /* HomeController.swift */; };
		BFDE6A832186F0B20038A281 /* Assets.xcassets in Resources */ = {isa = PBXBuildFile; fileRef = BFDE6A822186F0B20038A281 /* Assets.xcassets */; };
		BFDE6A862186F0B20038A281 /* LaunchScreen.storyboard in Resources */ = {isa = PBXBuildFile; fileRef = BFDE6A842186F0B20038A281 /* LaunchScreen.storyboard */; };
		BFDE6A922186F2EC0038A281 /* ADDebug.swift in Sources */ = {isa = PBXBuildFile; fileRef = BFDE6A912186F2EC0038A281 /* ADDebug.swift */; };
		BFDE6A942186F3F20038A281 /* ShapeTransformController.swift in Sources */ = {isa = PBXBuildFile; fileRef = BFDE6A932186F3F20038A281 /* ShapeTransformController.swift */; };
		BFDE6A962186FD7E0038A281 /* OscilloScreen.swift in Sources */ = {isa = PBXBuildFile; fileRef = BFDE6A952186FD7E0038A281 /* OscilloScreen.swift */; };
		BFDE6A992186FE600038A281 /* UIColor + Extension.swift in Sources */ = {isa = PBXBuildFile; fileRef = BFDE6A982186FE600038A281 /* UIColor + Extension.swift */; };
		BFDE6A9B218769BE0038A281 /* ThreeDimensionMatrix.swift in Sources */ = {isa = PBXBuildFile; fileRef = BFDE6A9A218769BE0038A281 /* ThreeDimensionMatrix.swift */; };
		BFDE6A9D2188B5B60038A281 /* OscilloControlView.swift in Sources */ = {isa = PBXBuildFile; fileRef = BFDE6A9C2188B5B50038A281 /* OscilloControlView.swift */; };
/* End PBXBuildFile section */

/* Begin PBXFileReference section */
		BFDE6A782186F0B00038A281 /* AnimationDemo.app */ = {isa = PBXFileReference; explicitFileType = wrapper.application; includeInIndex = 0; path = AnimationDemo.app; sourceTree = BUILT_PRODUCTS_DIR; };
		BFDE6A7B2186F0B00038A281 /* AppDelegate.swift */ = {isa = PBXFileReference; lastKnownFileType = sourcecode.swift; path = AppDelegate.swift; sourceTree = "<group>"; };
		BFDE6A7D2186F0B00038A281 /* HomeController.swift */ = {isa = PBXFileReference; lastKnownFileType = sourcecode.swift; path = HomeController.swift; sourceTree = "<group>"; };
		BFDE6A822186F0B20038A281 /* Assets.xcassets */ = {isa = PBXFileReference; lastKnownFileType = folder.assetcatalog; path = Assets.xcassets; sourceTree = "<group>"; };
		BFDE6A852186F0B20038A281 /* Base */ = {isa = PBXFileReference; lastKnownFileType = file.storyboard; name = Base; path = Base.lproj/LaunchScreen.storyboard; sourceTree = "<group>"; };
		BFDE6A872186F0B20038A281 /* Info.plist */ = {isa = PBXFileReference; lastKnownFileType = text.plist.xml; path = Info.plist; sourceTree = "<group>"; };
		BFDE6A912186F2EC0038A281 /* ADDebug.swift */ = {isa = PBXFileReference; lastKnownFileType = sourcecode.swift; path = ADDebug.swift; sourceTree = "<group>"; };
		BFDE6A932186F3F20038A281 /* ShapeTransformController.swift */ = {isa = PBXFileReference; lastKnownFileType = sourcecode.swift; path = ShapeTransformController.swift; sourceTree = "<group>"; };
		BFDE6A952186FD7E0038A281 /* OscilloScreen.swift */ = {isa = PBXFileReference; lastKnownFileType = sourcecode.swift; path = OscilloScreen.swift; sourceTree = "<group>"; };
		BFDE6A982186FE600038A281 /* UIColor + Extension.swift */ = {isa = PBXFileReference; lastKnownFileType = sourcecode.swift; path = "UIColor + Extension.swift"; sourceTree = "<group>"; };
		BFDE6A9A218769BE0038A281 /* ThreeDimensionMatrix.swift */ = {isa = PBXFileReference; lastKnownFileType = sourcecode.swift; path = ThreeDimensionMatrix.swift; sourceTree = "<group>"; };
		BFDE6A9C2188B5B50038A281 /* OscilloControlView.swift */ = {isa = PBXFileReference; lastKnownFileType = sourcecode.swift; path = OscilloControlView.swift; sourceTree = "<group>"; };
/* End PBXFileReference section */

/* Begin PBXFrameworksBuildPhase section */
		BFDE6A752186F0B00038A281 /* Frameworks */ = {
			isa = PBXFrameworksBuildPhase;
			buildActionMask = 2147483647;
			files = (
			);
			runOnlyForDeploymentPostprocessing = 0;
		};
/* End PBXFrameworksBuildPhase section */

/* Begin PBXGroup section */
		BFDE6A6F2186F0B00038A281 = {
			isa = PBXGroup;
			children = (
				BFDE6A7A2186F0B00038A281 /* AnimationDemo */,
				BFDE6A792186F0B00038A281 /* Products */,
			);
			sourceTree = "<group>";
		};
		BFDE6A792186F0B00038A281 /* Products */ = {
			isa = PBXGroup;
			children = (
				BFDE6A782186F0B00038A281 /* AnimationDemo.app */,
			);
			name = Products;
			sourceTree = "<group>";
		};
		BFDE6A7A2186F0B00038A281 /* AnimationDemo */ = {
			isa = PBXGroup;
			children = (
				BFDE6A8E2186F2860038A281 /* Classes */,
				BFDE6A8D2186F2810038A281 /* Controllers */,
				BFDE6A7B2186F0B00038A281 /* AppDelegate.swift */,
				BFDE6A7D2186F0B00038A281 /* HomeController.swift */,
				BFDE6A822186F0B20038A281 /* Assets.xcassets */,
				BFDE6A842186F0B20038A281 /* LaunchScreen.storyboard */,
				BFDE6A872186F0B20038A281 /* Info.plist */,
			);
			path = AnimationDemo;
			sourceTree = "<group>";
		};
		BFDE6A8D2186F2810038A281 /* Controllers */ = {
			isa = PBXGroup;
			children = (
				BFDE6A932186F3F20038A281 /* ShapeTransformController.swift */,
			);
			path = Controllers;
			sourceTree = "<group>";
		};
		BFDE6A8E2186F2860038A281 /* Classes */ = {
			isa = PBXGroup;
			children = (
				BFDE6A972186FE520038A281 /* Extensions */,
				BFDE6A912186F2EC0038A281 /* ADDebug.swift */,
				BFDE6A952186FD7E0038A281 /* OscilloScreen.swift */,
				BFDE6A9A218769BE0038A281 /* ThreeDimensionMatrix.swift */,
				BFDE6A9C2188B5B50038A281 /* OscilloControlView.swift */,
			);
			path = Classes;
			sourceTree = "<group>";
		};
		BFDE6A972186FE520038A281 /* Extensions */ = {
			isa = PBXGroup;
			children = (
				BFDE6A982186FE600038A281 /* UIColor + Extension.swift */,
			);
			path = Extensions;
			sourceTree = "<group>";
		};
/* End PBXGroup section */

/* Begin PBXNativeTarget section */
		BFDE6A772186F0B00038A281 /* AnimationDemo */ = {
			isa = PBXNativeTarget;
			buildConfigurationList = BFDE6A8A2186F0B20038A281 /* Build configuration list for PBXNativeTarget "AnimationDemo" */;
			buildPhases = (
				BFDE6A742186F0B00038A281 /* Sources */,
				BFDE6A752186F0B00038A281 /* Frameworks */,
				BFDE6A762186F0B00038A281 /* Resources */,
			);
			buildRules = (
			);
			dependencies = (
			);
			name = AnimationDemo;
			productName = AnimationDemo;
			productReference = BFDE6A782186F0B00038A281 /* AnimationDemo.app */;
			productType = "com.apple.product-type.application";
		};
/* End PBXNativeTarget section */

/* Begin PBXProject section */
		BFDE6A702186F0B00038A281 /* Project object */ = {
			isa = PBXProject;
			attributes = {
				LastSwiftUpdateCheck = 1010;
				LastUpgradeCheck = 1010;
				ORGANIZATIONNAME = Jimmy;
				TargetAttributes = {
					BFDE6A772186F0B00038A281 = {
						CreatedOnToolsVersion = 10.1;
						LastSwiftMigration = 1010;
					};
				};
			};
			buildConfigurationList = BFDE6A732186F0B00038A281 /* Build configuration list for PBXProject "AnimationDemo" */;
			compatibilityVersion = "Xcode 9.3";
			developmentRegion = en;
			hasScannedForEncodings = 0;
			knownRegions = (
				en,
				Base,
			);
			mainGroup = BFDE6A6F2186F0B00038A281;
			productRefGroup = BFDE6A792186F0B00038A281 /* Products */;
			projectDirPath = "";
			projectRoot = "";
			targets = (
				BFDE6A772186F0B00038A281 /* AnimationDemo */,
			);
		};
/* End PBXProject section */

/* Begin PBXResourcesBuildPhase section */
		BFDE6A762186F0B00038A281 /* Resources */ = {
			isa = PBXResourcesBuildPhase;
			buildActionMask = 2147483647;
			files = (
				BFDE6A862186F0B20038A281 /* LaunchScreen.storyboard in Resources */,
				BFDE6A832186F0B20038A281 /* Assets.xcassets in Resources */,
			);
			runOnlyForDeploymentPostprocessing = 0;
		};
/* End PBXResourcesBuildPhase section */

/* Begin PBXSourcesBuildPhase section */
		BFDE6A742186F0B00038A281 /* Sources */ = {
			isa = PBXSourcesBuildPhase;
			buildActionMask = 2147483647;
			files = (
				BFDE6A7E2186F0B00038A281 /* HomeController.swift in Sources */,
				BFDE6A7C2186F0B00038A281 /* AppDelegate.swift in Sources */,
				BFDE6A962186FD7E0038A281 /* OscilloScreen.swift in Sources */,
				BFDE6A992186FE600038A281 /* UIColor + Extension.swift in Sources */,
				BFDE6A9D2188B5B60038A281 /* OscilloControlView.swift in Sources */,
				BFDE6A942186F3F20038A281 /* ShapeTransformController.swift in Sources */,
				BFDE6A922186F2EC0038A281 /* ADDebug.swift in Sources */,
				BFDE6A9B218769BE0038A281 /* ThreeDimensionMatrix.swift in Sources */,
			);
			runOnlyForDeploymentPostprocessing = 0;
		};
/* End PBXSourcesBuildPhase section */

/* Begin PBXVariantGroup section */
		BFDE6A842186F0B20038A281 /* LaunchScreen.storyboard */ = {
			isa = PBXVariantGroup;
			children = (
				BFDE6A852186F0B20038A281 /* Base */,
			);
			name = LaunchScreen.storyboard;
			sourceTree = "<group>";
		};
/* End PBXVariantGroup section */

/* Begin XCBuildConfiguration section */
		BFDE6A882186F0B20038A281 /* Debug */ = {
			isa = XCBuildConfiguration;
			buildSettings = {
				ALWAYS_SEARCH_USER_PATHS = NO;
				CLANG_ANALYZER_NONNULL = YES;
				CLANG_ANALYZER_NUMBER_OBJECT_CONVERSION = YES_AGGRESSIVE;
				CLANG_CXX_LANGUAGE_STANDARD = "gnu++14";
				CLANG_CXX_LIBRARY = "libc++";
				CLANG_ENABLE_MODULES = YES;
				CLANG_ENABLE_OBJC_ARC = YES;
				CLANG_ENABLE_OBJC_WEAK = YES;
				CLANG_WARN_BLOCK_CAPTURE_AUTORELEASING = YES;
				CLANG_WARN_BOOL_CONVERSION = YES;
				CLANG_WARN_COMMA = YES;
				CLANG_WARN_CONSTANT_CONVERSION = YES;
				CLANG_WARN_DEPRECATED_OBJC_IMPLEMENTATIONS = YES;
				CLANG_WARN_DIRECT_OBJC_ISA_USAGE = YES_ERROR;
				CLANG_WARN_DOCUMENTATION_COMMENTS = YES;
				CLANG_WARN_EMPTY_BODY = YES;
				CLANG_WARN_ENUM_CONVERSION = YES;
				CLANG_WARN_INFINITE_RECURSION = YES;
				CLANG_WARN_INT_CONVERSION = YES;
				CLANG_WARN_NON_LITERAL_NULL_CONVERSION = YES;
				CLANG_WARN_OBJC_IMPLICIT_RETAIN_SELF = YES;
				CLANG_WARN_OBJC_LITERAL_CONVERSION = YES;
				CLANG_WARN_OBJC_ROOT_CLASS = YES_ERROR;
				CLANG_WARN_RANGE_LOOP_ANALYSIS = YES;
				CLANG_WARN_STRICT_PROTOTYPES = YES;
				CLANG_WARN_SUSPICIOUS_MOVE = YES;
				CLANG_WARN_UNGUARDED_AVAILABILITY = YES_AGGRESSIVE;
				CLANG_WARN_UNREACHABLE_CODE = YES;
				CLANG_WARN__DUPLICATE_METHOD_MATCH = YES;
				CODE_SIGN_IDENTITY = "iPhone Developer";
				COPY_PHASE_STRIP = NO;
				DEBUG_INFORMATION_FORMAT = dwarf;
				ENABLE_STRICT_OBJC_MSGSEND = YES;
				ENABLE_TESTABILITY = YES;
				GCC_C_LANGUAGE_STANDARD = gnu11;
				GCC_DYNAMIC_NO_PIC = NO;
				GCC_NO_COMMON_BLOCKS = YES;
				GCC_OPTIMIZATION_LEVEL = 0;
				GCC_PREPROCESSOR_DEFINITIONS = (
					"DEBUG=1",
					"$(inherited)",
				);
				GCC_WARN_64_TO_32_BIT_CONVERSION = YES;
				GCC_WARN_ABOUT_RETURN_TYPE = YES_ERROR;
				GCC_WARN_UNDECLARED_SELECTOR = YES;
				GCC_WARN_UNINITIALIZED_AUTOS = YES_AGGRESSIVE;
				GCC_WARN_UNUSED_FUNCTION = YES;
				GCC_WARN_UNUSED_VARIABLE = YES;
				IPHONEOS_DEPLOYMENT_TARGET = 12.1;
				MTL_ENABLE_DEBUG_INFO = INCLUDE_SOURCE;
				MTL_FAST_MATH = YES;
				ONLY_ACTIVE_ARCH = YES;
				SDKROOT = iphoneos;
				SWIFT_ACTIVE_COMPILATION_CONDITIONS = DEBUG;
				SWIFT_OPTIMIZATION_LEVEL = "-Onone";
			};
			name = Debug;
		};
		BFDE6A892186F0B20038A281 /* Release */ = {
			isa = XCBuildConfiguration;
			buildSettings = {
				ALWAYS_SEARCH_USER_PATHS = NO;
				CLANG_ANALYZER_NONNULL = YES;
				CLANG_ANALYZER_NUMBER_OBJECT_CONVERSION = YES_AGGRESSIVE;
				CLANG_CXX_LANGUAGE_STANDARD = "gnu++14";
				CLANG_CXX_LIBRARY = "libc++";
				CLANG_ENABLE_MODULES = YES;
				CLANG_ENABLE_OBJC_ARC = YES;
				CLANG_ENABLE_OBJC_WEAK = YES;
				CLANG_WARN_BLOCK_CAPTURE_AUTORELEASING = YES;
				CLANG_WARN_BOOL_CONVERSION = YES;
				CLANG_WARN_COMMA = YES;
				CLANG_WARN_CONSTANT_CONVERSION = YES;
				CLANG_WARN_DEPRECATED_OBJC_IMPLEMENTATIONS = YES;
				CLANG_WARN_DIRECT_OBJC_ISA_USAGE = YES_ERROR;
				CLANG_WARN_DOCUMENTATION_COMMENTS = YES;
				CLANG_WARN_EMPTY_BODY = YES;
				CLANG_WARN_ENUM_CONVERSION = YES;
				CLANG_WARN_INFINITE_RECURSION = YES;
				CLANG_WARN_INT_CONVERSION = YES;
				CLANG_WARN_NON_LITERAL_NULL_CONVERSION = YES;
				CLANG_WARN_OBJC_IMPLICIT_RETAIN_SELF = YES;
				CLANG_WARN_OBJC_LITERAL_CONVERSION = YES;
				CLANG_WARN_OBJC_ROOT_CLASS = YES_ERROR;
				CLANG_WARN_RANGE_LOOP_ANALYSIS = YES;
				CLANG_WARN_STRICT_PROTOTYPES = YES;
				CLANG_WARN_SUSPICIOUS_MOVE = YES;
				CLANG_WARN_UNGUARDED_AVAILABILITY = YES_AGGRESSIVE;
				CLANG_WARN_UNREACHABLE_CODE = YES;
				CLANG_WARN__DUPLICATE_METHOD_MATCH = YES;
				CODE_SIGN_IDENTITY = "iPhone Developer";
				COPY_PHASE_STRIP = NO;
				DEBUG_INFORMATION_FORMAT = "dwarf-with-dsym";
				ENABLE_NS_ASSERTIONS = NO;
				ENABLE_STRICT_OBJC_MSGSEND = YES;
				GCC_C_LANGUAGE_STANDARD = gnu11;
				GCC_NO_COMMON_BLOCKS = YES;
				GCC_WARN_64_TO_32_BIT_CONVERSION = YES;
				GCC_WARN_ABOUT_RETURN_TYPE = YES_ERROR;
				GCC_WARN_UNDECLARED_SELECTOR = YES;
				GCC_WARN_UNINITIALIZED_AUTOS = YES_AGGRESSIVE;
				GCC_WARN_UNUSED_FUNCTION = YES;
				GCC_WARN_UNUSED_VARIABLE = YES;
				IPHONEOS_DEPLOYMENT_TARGET = 12.1;
				MTL_ENABLE_DEBUG_INFO = NO;
				MTL_FAST_MATH = YES;
				SDKROOT = iphoneos;
				SWIFT_COMPILATION_MODE = wholemodule;
				SWIFT_OPTIMIZATION_LEVEL = "-O";
				VALIDATE_PRODUCT = YES;
			};
			name = Release;
		};
		BFDE6A8B2186F0B20038A281 /* Debug */ = {
			isa = XCBuildConfiguration;
			buildSettings = {
				ASSETCATALOG_COMPILER_APPICON_NAME = AppIcon;
				CODE_SIGN_STYLE = Automatic;
				DEVELOPMENT_TEAM = 8SLV3B6FU8;
				INFOPLIST_FILE = AnimationDemo/Info.plist;
				IPHONEOS_DEPLOYMENT_TARGET = 11.0;
				LD_RUNPATH_SEARCH_PATHS = (
					"$(inherited)",
					"@executable_path/Frameworks",
				);
				PRODUCT_BUNDLE_IDENTIFIER = com.Jimmy.AnimationDemo;
				PRODUCT_NAME = "$(TARGET_NAME)";
				SWIFT_VERSION = 4.0;
				TARGETED_DEVICE_FAMILY = "1,2";
			};
			name = Debug;
		};
		BFDE6A8C2186F0B20038A281 /* Release */ = {
			isa = XCBuildConfiguration;
			buildSettings = {
				ASSETCATALOG_COMPILER_APPICON_NAME = AppIcon;
				CODE_SIGN_STYLE = Automatic;
				DEVELOPMENT_TEAM = 8SLV3B6FU8;
				INFOPLIST_FILE = AnimationDemo/Info.plist;
				IPHONEOS_DEPLOYMENT_TARGET = 11.0;
				LD_RUNPATH_SEARCH_PATHS = (
					"$(inherited)",
					"@executable_path/Frameworks",
				);
				PRODUCT_BUNDLE_IDENTIFIER = com.Jimmy.AnimationDemo;
				PRODUCT_NAME = "$(TARGET_NAME)";
				SWIFT_VERSION = 4.0;
				TARGETED_DEVICE_FAMILY = "1,2";
			};
			name = Release;
		};
/* End XCBuildConfiguration section */

/* Begin XCConfigurationList section */
		BFDE6A732186F0B00038A281 /* Build configuration list for PBXProject "AnimationDemo" */ = {
			isa = XCConfigurationList;
			buildConfigurations = (
				BFDE6A882186F0B20038A281 /* Debug */,
				BFDE6A892186F0B20038A281 /* Release */,
			);
			defaultConfigurationIsVisible = 0;
			defaultConfigurationName = Release;
		};
		BFDE6A8A2186F0B20038A281 /* Build configuration list for PBXNativeTarget "AnimationDemo" */ = {
			isa = XCConfigurationList;
			buildConfigurations = (
				BFDE6A8B2186F0B20038A281 /* Debug */,
				BFDE6A8C2186F0B20038A281 /* Release */,
			);
			defaultConfigurationIsVisible = 0;
			defaultConfigurationName = Release;
		};
/* End XCConfigurationList section */
	};
	rootObject = BFDE6A702186F0B00038A281 /* Project object */;
}
